
Microsoft Visual Studio Solution File, Format Version 12.00
# Visual Studio 15
VisualStudioVersion = 15.0.27130.2024
MinimumVisualStudioVersion = 10.0.40219.1
Project("{FAE04EC0-301F-11D3-BF4B-00C04F79EFBC}") = "WebApplication1", "WebApplication1\WebApplication1.csproj", "{AC8E4CBC-7816-4A89-A66C-0A2F58EE8EF5}"
EndProject
Global
	GlobalSection(SolutionConfigurationPlatforms) = preSolution
		Debug|Any CPU = Debug|Any CPU
		Release|Any CPU = Release|Any CPU
	EndGlobalSection
	GlobalSection(ProjectConfigurationPlatforms) = postSolution
		{AC8E4CBC-7816-4A89-A66C-0A2F58EE8EF5}.Debug|Any CPU.ActiveCfg = Debug|Any CPU
		{AC8E4CBC-7816-4A89-A66C-0A2F58EE8EF5}.Debug|Any CPU.Build.0 = Debug|Any CPU
		{AC8E4CBC-7816-4A89-A66C-0A2F58EE8EF5}.Release|Any CPU.ActiveCfg = Release|Any CPU
		{AC8E4CBC-7816-4A89-A66C-0A2F58EE8EF5}.Release|Any CPU.Build.0 = Release|Any CPU
	EndGlobalSection
	GlobalSection(SolutionProperties) = preSolution
		HideSolutionNode = FALSE
	EndGlobalSection
	GlobalSection(ExtensibilityGlobals) = postSolution
		SolutionGuid = {EE561EFB-745B-4631-8054-3034EC499974}
	EndGlobalSection
EndGlobal
